{
  "name": "as5",
  "version": "1.0.0",
  "lockfileVersion": 1,
  "requires": true,
  "dependencies": {
    "scanf": {
      "version": "1.1.1",
      "resolved": "https://registry.npmjs.org/scanf/-/scanf-1.1.1.tgz",
      "integrity": "sha512-mIovgMrXQzJm3rm0WRMz1z9BpXTHNKCpLhCSvlahpBPSDy3DZRlJRMsvPHSfDDsv4yxEzNPEOgXicF56GcGkmQ==",
      "dev": true
    },
    "wabt": {
      "version": "1.0.23",
      "resolved": "https://registry.npmjs.org/wabt/-/wabt-1.0.23.tgz",
      "integrity": "sha512-gN1CPmpqDenmNhUmybOCa2ZsE87oTnSZ/eLfNuNsS6753O3EGdB9pNb9ETH5GHHJZeAlxVgzH3MztMCEBiLj/w==",
      "dev": true
    }
  }
}
